
Microsoft Visual Studio Solution File, Format Version 12.00
# Visual Studio Version 16
VisualStudioVersion = 16.0.32929.386
MinimumVisualStudioVersion = 10.0.40219.1
Project("{FAE04EC0-301F-11D3-BF4B-00C04F79EFBC}") = "EmployeeManagement", "EmployeeManagement\EmployeeManagement.csproj", "{F7EE0DF8-11F1-44B3-92B9-C49BD2F356D8}"
EndProject
Global
	GlobalSection(SolutionConfigurationPlatforms) = preSolution
		Debug|Any CPU = Debug|Any CPU
		Release|Any CPU = Release|Any CPU
	EndGlobalSection
	GlobalSection(ProjectConfigurationPlatforms) = postSolution
		{F7EE0DF8-11F1-44B3-92B9-C49BD2F356D8}.Debug|Any CPU.ActiveCfg = Debug|Any CPU
		{F7EE0DF8-11F1-44B3-92B9-C49BD2F356D8}.Debug|Any CPU.Build.0 = Debug|Any CPU
		{F7EE0DF8-11F1-44B3-92B9-C49BD2F356D8}.Release|Any CPU.ActiveCfg = Release|Any CPU
		{F7EE0DF8-11F1-44B3-92B9-C49BD2F356D8}.Release|Any CPU.Build.0 = Release|Any CPU
	EndGlobalSection
	GlobalSection(SolutionProperties) = preSolution
		HideSolutionNode = FALSE
	EndGlobalSection
	GlobalSection(ExtensibilityGlobals) = postSolution
		SolutionGuid = {C510ED37-D25D-43CF-A8BA-866F852EEBF1}
	EndGlobalSection
EndGlobal
